
Microsoft Visual Studio Solution File, Format Version 11.00
# Visual Studio 2010
Project("{FAE04EC0-301F-11D3-BF4B-00C04F79EFBC}") = "UnityEngine.UI", "UnityEngine.UI.csproj", "{43223b05-ec29-d830-58f0-def24ab18ad4}"
EndProject
Project("{FAE04EC0-301F-11D3-BF4B-00C04F79EFBC}") = "SteamVR", "SteamVR.csproj", "{f517b18d-6f74-ddf1-abe9-b3d3932d83a9}"
EndProject
Project("{FAE04EC0-301F-11D3-BF4B-00C04F79EFBC}") = "LeapMotion", "LeapMotion.csproj", "{ca76f67e-07a0-262d-3070-c9b25f3af871}"
EndProject
Project("{FAE04EC0-301F-11D3-BF4B-00C04F79EFBC}") = "UnityEngine.TestRunner", "UnityEngine.TestRunner.csproj", "{7169108d-9926-8272-5e03-0597a6fb0cf1}"
EndProject
Project("{FAE04EC0-301F-11D3-BF4B-00C04F79EFBC}") = "Unity.VisualScripting.State", "Unity.VisualScripting.State.csproj", "{741ea046-0f65-6336-e066-331fb3a61b8b}"
EndProject
Project("{FAE04EC0-301F-11D3-BF4B-00C04F79EFBC}") = "Unity.VisualScripting.Core", "Unity.VisualScripting.Core.csproj", "{9d38dcce-873a-a71a-c12f-1ebe9e8717b8}"
EndProject
Project("{FAE04EC0-301F-11D3-BF4B-00C04F79EFBC}") = "Unity.VisualScripting.Flow", "Unity.VisualScripting.Flow.csproj", "{c5e7e672-64c4-5cbd-6e96-cd28279d1af8}"
EndProject
Project("{FAE04EC0-301F-11D3-BF4B-00C04F79EFBC}") = "UnityEngine.XR.LegacyInputHelpers", "UnityEngine.XR.LegacyInputHelpers.csproj", "{396df9b8-3aad-3c8c-9161-04c1a1da47c7}"
EndProject
Project("{FAE04EC0-301F-11D3-BF4B-00C04F79EFBC}") = "Unity.XR.OpenVR", "Unity.XR.OpenVR.csproj", "{4519fb5a-eb68-c90c-f721-67b6176a5225}"
EndProject
Project("{FAE04EC0-301F-11D3-BF4B-00C04F79EFBC}") = "LeapMotion.LeapCSharp", "LeapMotion.LeapCSharp.csproj", "{11a71c42-3e24-cb2a-d6c8-82c2875ae1e3}"
EndProject
Project("{FAE04EC0-301F-11D3-BF4B-00C04F79EFBC}") = "Assembly-CSharp-firstpass", "Assembly-CSharp-firstpass.csproj", "{932cda3d-b310-816b-0d8a-d689807b4299}"
EndProject
Project("{FAE04EC0-301F-11D3-BF4B-00C04F79EFBC}") = "Unity.TextMeshPro", "Unity.TextMeshPro.csproj", "{5b32c858-df94-ee19-ea93-90b52b053594}"
EndProject
Project("{FAE04EC0-301F-11D3-BF4B-00C04F79EFBC}") = "Unity.Timeline", "Unity.Timeline.csproj", "{81607769-27f2-03c9-a607-7a6f8b5fbfdb}"
EndProject
Project("{FAE04EC0-301F-11D3-BF4B-00C04F79EFBC}") = "Unity.XR.Management", "Unity.XR.Management.csproj", "{75e41e2e-64b5-ad73-221d-250056404988}"
EndProject
Project("{FAE04EC0-301F-11D3-BF4B-00C04F79EFBC}") = "SteamVR_Actions", "SteamVR_Actions.csproj", "{a3505323-d140-7c27-e688-1e27ae82b21a}"
EndProject
Project("{FAE04EC0-301F-11D3-BF4B-00C04F79EFBC}") = "UnityEngine.SpatialTracking", "UnityEngine.SpatialTracking.csproj", "{9ec97868-a740-8949-02f9-4a8b2a4cce3c}"
EndProject
Project("{FAE04EC0-301F-11D3-BF4B-00C04F79EFBC}") = "Unity.Subsystem.Registration", "Unity.Subsystem.Registration.csproj", "{ca3a8531-da63-e65a-776a-f84e6c54458e}"
EndProject
Project("{FAE04EC0-301F-11D3-BF4B-00C04F79EFBC}") = "Assembly-CSharp", "Assembly-CSharp.csproj", "{25e4a042-2bdf-275e-2869-29dc70900fea}"
EndProject
Project("{FAE04EC0-301F-11D3-BF4B-00C04F79EFBC}") = "Unity.PlasticSCM.Editor", "Unity.PlasticSCM.Editor.csproj", "{0b576993-4ba5-5c74-322e-4e44d4ee63db}"
EndProject
Project("{FAE04EC0-301F-11D3-BF4B-00C04F79EFBC}") = "Unity.VisualScripting.Core.Editor", "Unity.VisualScripting.Core.Editor.csproj", "{9fcfeb23-cae5-8760-3885-f7cca4cd1c20}"
EndProject
Project("{FAE04EC0-301F-11D3-BF4B-00C04F79EFBC}") = "Assembly-CSharp-Editor-firstpass", "Assembly-CSharp-Editor-firstpass.csproj", "{78069f0c-4434-7954-84d4-215753b3f59b}"
EndProject
Project("{FAE04EC0-301F-11D3-BF4B-00C04F79EFBC}") = "Unity.VisualStudio.Editor", "Unity.VisualStudio.Editor.csproj", "{72e1fba0-64ab-869a-a6e0-4a1a0f5bb07f}"
EndProject
Project("{FAE04EC0-301F-11D3-BF4B-00C04F79EFBC}") = "Unity.Timeline.Editor", "Unity.Timeline.Editor.csproj", "{6f7adca0-4857-3323-ad19-3e11bf850af6}"
EndProject
Project("{FAE04EC0-301F-11D3-BF4B-00C04F79EFBC}") = "Unity.VisualScripting.State.Editor", "Unity.VisualScripting.State.Editor.csproj", "{ead14b81-a74c-7e78-12c5-72d13f951168}"
EndProject
Project("{FAE04EC0-301F-11D3-BF4B-00C04F79EFBC}") = "Unity.TextMeshPro.Editor", "Unity.TextMeshPro.Editor.csproj", "{4b96a8aa-e68f-1260-fdcd-353acc40cfe3}"
EndProject
Project("{FAE04EC0-301F-11D3-BF4B-00C04F79EFBC}") = "VSSettingsProvider", "VSSettingsProvider.csproj", "{e687f364-0524-df60-2c02-0ba0cbaaa239}"
EndProject
Project("{FAE04EC0-301F-11D3-BF4B-00C04F79EFBC}") = "Unity.CollabProxy.Editor", "Unity.CollabProxy.Editor.csproj", "{98f2358d-4db7-11eb-46f7-3114905b66bd}"
EndProject
Project("{FAE04EC0-301F-11D3-BF4B-00C04F79EFBC}") = "UnityEditor.TestRunner", "UnityEditor.TestRunner.csproj", "{50c26bda-2f7d-9919-d51b-ab39b4275293}"
EndProject
Project("{FAE04EC0-301F-11D3-BF4B-00C04F79EFBC}") = "Unity.VisualScripting.Flow.Editor", "Unity.VisualScripting.Flow.Editor.csproj", "{01dcb49a-c222-1e8d-859c-092afec8d823}"
EndProject
Project("{FAE04EC0-301F-11D3-BF4B-00C04F79EFBC}") = "Unity.Rider.Editor", "Unity.Rider.Editor.csproj", "{3777a7ba-53e0-34ae-3a94-6072d5008471}"
EndProject
Project("{FAE04EC0-301F-11D3-BF4B-00C04F79EFBC}") = "SteamVR_Input_Editor", "SteamVR_Input_Editor.csproj", "{4446df13-7a98-6e79-e85f-4be2d0b8b970}"
EndProject
Project("{FAE04EC0-301F-11D3-BF4B-00C04F79EFBC}") = "Unity.XR.Management.Editor", "Unity.XR.Management.Editor.csproj", "{38f3dfcf-f631-c359-720b-ff113275bd62}"
EndProject
Project("{FAE04EC0-301F-11D3-BF4B-00C04F79EFBC}") = "Unity.VSCode.Editor", "Unity.VSCode.Editor.csproj", "{867d7207-3caa-c8da-f2a1-fc2e67d2fc3b}"
EndProject
Project("{FAE04EC0-301F-11D3-BF4B-00C04F79EFBC}") = "UnityEditor.UI", "UnityEditor.UI.csproj", "{fdc5ca79-e95a-2d1a-a0af-d3eb233b03e3}"
EndProject
Project("{FAE04EC0-301F-11D3-BF4B-00C04F79EFBC}") = "UnityEditor.SpatialTracking", "UnityEditor.SpatialTracking.csproj", "{d682684c-2652-ed9f-541f-23166f776e36}"
EndProject
Project("{FAE04EC0-301F-11D3-BF4B-00C04F79EFBC}") = "UnityEditor.XR.LegacyInputHelpers", "UnityEditor.XR.LegacyInputHelpers.csproj", "{0182e387-723a-084d-ca2f-885b1d26cb84}"
EndProject
Project("{FAE04EC0-301F-11D3-BF4B-00C04F79EFBC}") = "SteamVR_Editor", "SteamVR_Editor.csproj", "{c17d875a-84f8-490c-36fc-e1c8da444136}"
EndProject
Project("{FAE04EC0-301F-11D3-BF4B-00C04F79EFBC}") = "Unity.XR.OpenVR.Editor", "Unity.XR.OpenVR.Editor.csproj", "{a172f4e1-bc8c-108f-9da2-5861b238c3cf}"
EndProject
Project("{FAE04EC0-301F-11D3-BF4B-00C04F79EFBC}") = "SteamVR_Windows_EditorHelper", "SteamVR_Windows_EditorHelper.csproj", "{1973be46-6e34-de15-1d8b-3a390cd99a14}"
EndProject
Global
	GlobalSection(SolutionConfigurationPlatforms) = preSolution
		Debug|Any CPU = Debug|Any CPU
	EndGlobalSection
	GlobalSection(ProjectConfigurationPlatforms) = postSolution
		{43223b05-ec29-d830-58f0-def24ab18ad4}.Debug|Any CPU.ActiveCfg = Debug|Any CPU
		{43223b05-ec29-d830-58f0-def24ab18ad4}.Debug|Any CPU.Build.0 = Debug|Any CPU
		{f517b18d-6f74-ddf1-abe9-b3d3932d83a9}.Debug|Any CPU.ActiveCfg = Debug|Any CPU
		{f517b18d-6f74-ddf1-abe9-b3d3932d83a9}.Debug|Any CPU.Build.0 = Debug|Any CPU
		{ca76f67e-07a0-262d-3070-c9b25f3af871}.Debug|Any CPU.ActiveCfg = Debug|Any CPU
		{ca76f67e-07a0-262d-3070-c9b25f3af871}.Debug|Any CPU.Build.0 = Debug|Any CPU
		{7169108d-9926-8272-5e03-0597a6fb0cf1}.Debug|Any CPU.ActiveCfg = Debug|Any CPU
		{7169108d-9926-8272-5e03-0597a6fb0cf1}.Debug|Any CPU.Build.0 = Debug|Any CPU
		{741ea046-0f65-6336-e066-331fb3a61b8b}.Debug|Any CPU.ActiveCfg = Debug|Any CPU
		{741ea046-0f65-6336-e066-331fb3a61b8b}.Debug|Any CPU.Build.0 = Debug|Any CPU
		{9d38dcce-873a-a71a-c12f-1ebe9e8717b8}.Debug|Any CPU.ActiveCfg = Debug|Any CPU
		{9d38dcce-873a-a71a-c12f-1ebe9e8717b8}.Debug|Any CPU.Build.0 = Debug|Any CPU
		{c5e7e672-64c4-5cbd-6e96-cd28279d1af8}.Debug|Any CPU.ActiveCfg = Debug|Any CPU
		{c5e7e672-64c4-5cbd-6e96-cd28279d1af8}.Debug|Any CPU.Build.0 = Debug|Any CPU
		{396df9b8-3aad-3c8c-9161-04c1a1da47c7}.Debug|Any CPU.ActiveCfg = Debug|Any CPU
		{396df9b8-3aad-3c8c-9161-04c1a1da47c7}.Debug|Any CPU.Build.0 = Debug|Any CPU
		{4519fb5a-eb68-c90c-f721-67b6176a5225}.Debug|Any CPU.ActiveCfg = Debug|Any CPU
		{4519fb5a-eb68-c90c-f721-67b6176a5225}.Debug|Any CPU.Build.0 = Debug|Any CPU
		{11a71c42-3e24-cb2a-d6c8-82c2875ae1e3}.Debug|Any CPU.ActiveCfg = Debug|Any CPU
		{11a71c42-3e24-cb2a-d6c8-82c2875ae1e3}.Debug|Any CPU.Build.0 = Debug|Any CPU
		{932cda3d-b310-816b-0d8a-d689807b4299}.Debug|Any CPU.ActiveCfg = Debug|Any CPU
		{932cda3d-b310-816b-0d8a-d689807b4299}.Debug|Any CPU.Build.0 = Debug|Any CPU
		{5b32c858-df94-ee19-ea93-90b52b053594}.Debug|Any CPU.ActiveCfg = Debug|Any CPU
		{5b32c858-df94-ee19-ea93-90b52b053594}.Debug|Any CPU.Build.0 = Debug|Any CPU
		{81607769-27f2-03c9-a607-7a6f8b5fbfdb}.Debug|Any CPU.ActiveCfg = Debug|Any CPU
		{81607769-27f2-03c9-a607-7a6f8b5fbfdb}.Debug|Any CPU.Build.0 = Debug|Any CPU
		{75e41e2e-64b5-ad73-221d-250056404988}.Debug|Any CPU.ActiveCfg = Debug|Any CPU
		{75e41e2e-64b5-ad73-221d-250056404988}.Debug|Any CPU.Build.0 = Debug|Any CPU
		{a3505323-d140-7c27-e688-1e27ae82b21a}.Debug|Any CPU.ActiveCfg = Debug|Any CPU
		{a3505323-d140-7c27-e688-1e27ae82b21a}.Debug|Any CPU.Build.0 = Debug|Any CPU
		{9ec97868-a740-8949-02f9-4a8b2a4cce3c}.Debug|Any CPU.ActiveCfg = Debug|Any CPU
		{9ec97868-a740-8949-02f9-4a8b2a4cce3c}.Debug|Any CPU.Build.0 = Debug|Any CPU
		{ca3a8531-da63-e65a-776a-f84e6c54458e}.Debug|Any CPU.ActiveCfg = Debug|Any CPU
		{ca3a8531-da63-e65a-776a-f84e6c54458e}.Debug|Any CPU.Build.0 = Debug|Any CPU
		{25e4a042-2bdf-275e-2869-29dc70900fea}.Debug|Any CPU.ActiveCfg = Debug|Any CPU
		{25e4a042-2bdf-275e-2869-29dc70900fea}.Debug|Any CPU.Build.0 = Debug|Any CPU
		{0b576993-4ba5-5c74-322e-4e44d4ee63db}.Debug|Any CPU.ActiveCfg = Debug|Any CPU
		{0b576993-4ba5-5c74-322e-4e44d4ee63db}.Debug|Any CPU.Build.0 = Debug|Any CPU
		{9fcfeb23-cae5-8760-3885-f7cca4cd1c20}.Debug|Any CPU.ActiveCfg = Debug|Any CPU
		{9fcfeb23-cae5-8760-3885-f7cca4cd1c20}.Debug|Any CPU.Build.0 = Debug|Any CPU
		{78069f0c-4434-7954-84d4-215753b3f59b}.Debug|Any CPU.ActiveCfg = Debug|Any CPU
		{78069f0c-4434-7954-84d4-215753b3f59b}.Debug|Any CPU.Build.0 = Debug|Any CPU
		{72e1fba0-64ab-869a-a6e0-4a1a0f5bb07f}.Debug|Any CPU.ActiveCfg = Debug|Any CPU
		{72e1fba0-64ab-869a-a6e0-4a1a0f5bb07f}.Debug|Any CPU.Build.0 = Debug|Any CPU
		{6f7adca0-4857-3323-ad19-3e11bf850af6}.Debug|Any CPU.ActiveCfg = Debug|Any CPU
		{6f7adca0-4857-3323-ad19-3e11bf850af6}.Debug|Any CPU.Build.0 = Debug|Any CPU
		{ead14b81-a74c-7e78-12c5-72d13f951168}.Debug|Any CPU.ActiveCfg = Debug|Any CPU
		{ead14b81-a74c-7e78-12c5-72d13f951168}.Debug|Any CPU.Build.0 = Debug|Any CPU
		{4b96a8aa-e68f-1260-fdcd-353acc40cfe3}.Debug|Any CPU.ActiveCfg = Debug|Any CPU
		{4b96a8aa-e68f-1260-fdcd-353acc40cfe3}.Debug|Any CPU.Build.0 = Debug|Any CPU
		{e687f364-0524-df60-2c02-0ba0cbaaa239}.Debug|Any CPU.ActiveCfg = Debug|Any CPU
		{e687f364-0524-df60-2c02-0ba0cbaaa239}.Debug|Any CPU.Build.0 = Debug|Any CPU
		{98f2358d-4db7-11eb-46f7-3114905b66bd}.Debug|Any CPU.ActiveCfg = Debug|Any CPU
		{98f2358d-4db7-11eb-46f7-3114905b66bd}.Debug|Any CPU.Build.0 = Debug|Any CPU
		{50c26bda-2f7d-9919-d51b-ab39b4275293}.Debug|Any CPU.ActiveCfg = Debug|Any CPU
		{50c26bda-2f7d-9919-d51b-ab39b4275293}.Debug|Any CPU.Build.0 = Debug|Any CPU
		{01dcb49a-c222-1e8d-859c-092afec8d823}.Debug|Any CPU.ActiveCfg = Debug|Any CPU
		{01dcb49a-c222-1e8d-859c-092afec8d823}.Debug|Any CPU.Build.0 = Debug|Any CPU
		{3777a7ba-53e0-34ae-3a94-6072d5008471}.Debug|Any CPU.ActiveCfg = Debug|Any CPU
		{3777a7ba-53e0-34ae-3a94-6072d5008471}.Debug|Any CPU.Build.0 = Debug|Any CPU
		{4446df13-7a98-6e79-e85f-4be2d0b8b970}.Debug|Any CPU.ActiveCfg = Debug|Any CPU
		{4446df13-7a98-6e79-e85f-4be2d0b8b970}.Debug|Any CPU.Build.0 = Debug|Any CPU
		{38f3dfcf-f631-c359-720b-ff113275bd62}.Debug|Any CPU.ActiveCfg = Debug|Any CPU
		{38f3dfcf-f631-c359-720b-ff113275bd62}.Debug|Any CPU.Build.0 = Debug|Any CPU
		{867d7207-3caa-c8da-f2a1-fc2e67d2fc3b}.Debug|Any CPU.ActiveCfg = Debug|Any CPU
		{867d7207-3caa-c8da-f2a1-fc2e67d2fc3b}.Debug|Any CPU.Build.0 = Debug|Any CPU
		{fdc5ca79-e95a-2d1a-a0af-d3eb233b03e3}.Debug|Any CPU.ActiveCfg = Debug|Any CPU
		{fdc5ca79-e95a-2d1a-a0af-d3eb233b03e3}.Debug|Any CPU.Build.0 = Debug|Any CPU
		{d682684c-2652-ed9f-541f-23166f776e36}.Debug|Any CPU.ActiveCfg = Debug|Any CPU
		{d682684c-2652-ed9f-541f-23166f776e36}.Debug|Any CPU.Build.0 = Debug|Any CPU
		{0182e387-723a-084d-ca2f-885b1d26cb84}.Debug|Any CPU.ActiveCfg = Debug|Any CPU
		{0182e387-723a-084d-ca2f-885b1d26cb84}.Debug|Any CPU.Build.0 = Debug|Any CPU
		{c17d875a-84f8-490c-36fc-e1c8da444136}.Debug|Any CPU.ActiveCfg = Debug|Any CPU
		{c17d875a-84f8-490c-36fc-e1c8da444136}.Debug|Any CPU.Build.0 = Debug|Any CPU
		{a172f4e1-bc8c-108f-9da2-5861b238c3cf}.Debug|Any CPU.ActiveCfg = Debug|Any CPU
		{a172f4e1-bc8c-108f-9da2-5861b238c3cf}.Debug|Any CPU.Build.0 = Debug|Any CPU
		{1973be46-6e34-de15-1d8b-3a390cd99a14}.Debug|Any CPU.ActiveCfg = Debug|Any CPU
		{1973be46-6e34-de15-1d8b-3a390cd99a14}.Debug|Any CPU.Build.0 = Debug|Any CPU
	EndGlobalSection
	GlobalSection(SolutionProperties) = preSolution
		HideSolutionNode = FALSE
	EndGlobalSection
EndGlobal
